Microsoft Visual Studio Solution File, Format Version 12.00
# Visual Studio Version 17
VisualStudioVersion = 17.5.2.0
MinimumVisualStudioVersion = 10.0.40219.1
Project("{FAE04EC0-301F-11D3-BF4B-00C04F79EFBC}") = "TeacherAPI", "TeacherAPI\TeacherAPI.csproj", "{5809A9BE-747E-FDE7-7330-86A315EFCB82}"
EndProject
Global
	GlobalSection(SolutionConfigurationPlatforms) = preSolution
		Debug|Any CPU = Debug|Any CPU
		Release|Any CPU = Release|Any CPU
	EndGlobalSection
	GlobalSection(ProjectConfigurationPlatforms) = postSolution
		{5809A9BE-747E-FDE7-7330-86A315EFCB82}.Debug|Any CPU.ActiveCfg = Debug|Any CPU
		{5809A9BE-747E-FDE7-7330-86A315EFCB82}.Debug|Any CPU.Build.0 = Debug|Any CPU
		{5809A9BE-747E-FDE7-7330-86A315EFCB82}.Release|Any CPU.ActiveCfg = Release|Any CPU
		{5809A9BE-747E-FDE7-7330-86A315EFCB82}.Release|Any CPU.Build.0 = Release|Any CPU
	EndGlobalSection
	GlobalSection(SolutionProperties) = preSolution
		HideSolutionNode = FALSE
	EndGlobalSection
	GlobalSection(ExtensibilityGlobals) = postSolution
		SolutionGuid = {DB821886-357E-4278-8430-4AD752D65C40}
	EndGlobalSection
EndGlobal
